// !$*UTF8*$!
{
	archiveVersion = 1;
	classes = {
	};
	objectVersion = 46;
	objects = {

/* Begin PBXBuildFile section */
		8478E7311A7788D90093DD99 /* Foundation.framework in Frameworks */ = {isa = PBXBuildFile; fileRef = 8478E7301A7788D90093DD99 /* Foundation.framework */; };
		8478E7331A7788D90093DD99 /* CoreGraphics.framework in Frameworks */ = {isa = PBXBuildFile; fileRef = 8478E7321A7788D90093DD99 /* CoreGraphics.framework */; };
		8478E7351A7788D90093DD99 /* UIKit.framework in Frameworks */ = {isa = PBXBuildFile; fileRef = 8478E7341A7788D90093DD99 /* UIKit.framework */; };
		8478E73B1A7788D90093DD99 /* InfoPlist.strings in Resources */ = {isa = PBXBuildFile; fileRef = 8478E7391A7788D90093DD99 /* InfoPlist.strings */; };
		8478E73D1A7788D90093DD99 /* main.m in Sources */ = {isa = PBXBuildFile; fileRef = 8478E73C1A7788D90093DD99 /* main.m */; };
		8478E7411A7788D90093DD99 /* AppDelegate.m in Sources */ = {isa = PBXBuildFile; fileRef = 8478E7401A7788D90093DD99 /* AppDelegate.m */; };
		8478E7441A7788D90093DD99 /* Main.storyboard in Resources */ = {isa = PBXBuildFile; fileRef = 8478E7421A7788D90093DD99 /* Main.storyboard */; };
		8478E7471A7788D90093DD99 /* ViewController.m in Sources */ = {isa = PBXBuildFile; fileRef = 8478E7461A7788D90093DD99 /* ViewController.m */; };
		8478E7491A7788D90093DD99 /* Images.xcassets in Resources */ = {isa = PBXBuildFile; fileRef = 8478E7481A7788D90093DD99 /* Images.xcassets */; };
		8478E7501A7788D90093DD99 /* XCTest.framework in Frameworks */ = {isa = PBXBuildFile; fileRef = 8478E74F1A7788D90093DD99 /* XCTest.framework */; };
		8478E7511A7788D90093DD99 /* Foundation.framework in Frameworks */ = {isa = PBXBuildFile; fileRef = 8478E7301A7788D90093DD99 /* Foundation.framework */; };
		8478E7521A7788D90093DD99 /* UIKit.framework in Frameworks */ = {isa = PBXBuildFile; fileRef = 8478E7341A7788D90093DD99 /* UIKit.framework */; };
		8478E75A1A7788D90093DD99 /* InfoPlist.strings in Resources */ = {isa = PBXBuildFile; fileRef = 8478E7581A7788D90093DD99 /* InfoPlist.strings */; };
		8478E75C1A7788D90093DD99 /* JSCacheTests.m in Sources */ = {isa = PBXBuildFile; fileRef = 8478E75B1A7788D90093DD99 /* JSCacheTests.m */; };
/* End PBXBuildFile section */

/* Begin PBXContainerItemProxy section */
		8478E7531A7788D90093DD99 /* PBXContainerItemProxy */ = {
			isa = PBXContainerItemProxy;
			containerPortal = 8478E7251A7788D90093DD99 /* Project object */;
			proxyType = 1;
			remoteGlobalIDString = 8478E72C1A7788D90093DD99;
			remoteInfo = JSCache;
		};
/* End PBXContainerItemProxy section */

/* Begin PBXFileReference section */
		8478E72D1A7788D90093DD99 /* JSCache.app */ = {isa = PBXFileReference; explicitFileType = wrapper.application; includeInIndex = 0; path = JSCache.app; sourceTree = BUILT_PRODUCTS_DIR; };
		8478E7301A7788D90093DD99 /* Foundation.framework */ = {isa = PBXFileReference; lastKnownFileType = wrapper.framework; name = Foundation.framework; path = System/Library/Frameworks/Foundation.framework; sourceTree = SDKROOT; };
		8478E7321A7788D90093DD99 /* CoreGraphics.framework */ = {isa = PBXFileReference; lastKnownFileType = wrapper.framework; name = CoreGraphics.framework; path = System/Library/Frameworks/CoreGraphics.framework; sourceTree = SDKROOT; };
		8478E7341A7788D90093DD99 /* UIKit.framework */ = {isa = PBXFileReference; lastKnownFileType = wrapper.framework; name = UIKit.framework; path = System/Library/Frameworks/UIKit.framework; sourceTree = SDKROOT; };
		8478E7381A7788D90093DD99 /* JSCache-Info.plist */ = {isa = PBXFileReference; lastKnownFileType = text.plist.xml; path = "JSCache-Info.plist"; sourceTree = "<group>"; };
		8478E73A1A7788D90093DD99 /* en */ = {isa = PBXFileReference; lastKnownFileType = text.plist.strings; name = en; path = en.lproj/InfoPlist.strings; sourceTree = "<group>"; };
		8478E73C1A7788D90093DD99 /* main.m */ = {isa = PBXFileReference; lastKnownFileType = sourcecode.c.objc; path = main.m; sourceTree = "<group>"; };
		8478E73E1A7788D90093DD99 /* JSCache-Prefix.pch */ = {isa = PBXFileReference; lastKnownFileType = sourcecode.c.h; path = "JSCache-Prefix.pch"; sourceTree = "<group>"; };
		8478E73F1A7788D90093DD99 /* AppDelegate.h */ = {isa = PBXFileReference; lastKnownFileType = sourcecode.c.h; path = AppDelegate.h; sourceTree = "<group>"; };
		8478E7401A7788D90093DD99 /* AppDelegate.m */ = {isa = PBXFileReference; lastKnownFileType = sourcecode.c.objc; path = AppDelegate.m; sourceTree = "<group>"; };
		8478E7431A7788D90093DD99 /* Base */ = {isa = PBXFileReference; lastKnownFileType = file.storyboard; name = Base; path = Base.lproj/Main.storyboard; sourceTree = "<group>"; };
		8478E7451A7788D90093DD99 /* ViewController.h */ = {isa = PBXFileReference; lastKnownFileType = sourcecode.c.h; path = ViewController.h; sourceTree = "<group>"; };
		8478E7461A7788D90093DD99 /* ViewController.m */ = {isa = PBXFileReference; lastKnownFileType = sourcecode.c.objc; path = ViewController.m; sourceTree = "<group>"; };
		8478E7481A7788D90093DD99 /* Images.xcassets */ = {isa = PBXFileReference; lastKnownFileType = folder.assetcatalog; path = Images.xcassets; sourceTree = "<group>"; };
		8478E74E1A7788D90093DD99 /* JSCacheTests.xctest */ = {isa = PBXFileReference; explicitFileType = wrapper.cfbundle; includeInIndex = 0; path = JSCacheTests.xctest; sourceTree = BUILT_PRODUCTS_DIR; };
		8478E74F1A7788D90093DD99 /* XCTest.framework */ = {isa = PBXFileReference; lastKnownFileType = wrapper.framework; name = XCTest.framework; path = Library/Frameworks/XCTest.framework; sourceTree = DEVELOPER_DIR; };
		8478E7571A7788D90093DD99 /* JSCacheTests-Info.plist */ = {isa = PBXFileReference; lastKnownFileType = text.plist.xml; path = "JSCacheTests-Info.plist"; sourceTree = "<group>"; };
		8478E7591A7788D90093DD99 /* en */ = {isa = PBXFileReference; lastKnownFileType = text.plist.strings; name = en; path = en.lproj/InfoPlist.strings; sourceTree = "<group>"; };
		8478E75B1A7788D90093DD99 /* JSCacheTests.m */ = {isa = PBXFileReference; lastKnownFileType = sourcecode.c.objc; path = JSCacheTests.m; sourceTree = "<group>"; };
/* End PBXFileReference section */

/* Begin PBXFrameworksBuildPhase section */
		8478E72A1A7788D90093DD99 /* Frameworks */ = {
			isa = PBXFrameworksBuildPhase;
			buildActionMask = 2147483647;
			files = (
				8478E7331A7788D90093DD99 /* CoreGraphics.framework in Frameworks */,
				8478E7351A7788D90093DD99 /* UIKit.framework in Frameworks */,
				8478E7311A7788D90093DD99 /* Foundation.framework in Frameworks */,
			);
			runOnlyForDeploymentPostprocessing = 0;
		};
		8478E74B1A7788D90093DD99 /* Frameworks */ = {
			isa = PBXFrameworksBuildPhase;
			buildActionMask = 2147483647;
			files = (
				8478E7501A7788D90093DD99 /* XCTest.framework in Frameworks */,
				8478E7521A7788D90093DD99 /* UIKit.framework in Frameworks */,
				8478E7511A7788D90093DD99 /* Foundation.framework in Frameworks */,
			);
			runOnlyForDeploymentPostprocessing = 0;
		};
/* End PBXFrameworksBuildPhase section */

/* Begin PBXGroup section */
		8478E7241A7788D90093DD99 = {
			isa = PBXGroup;
			children = (
				8478E7361A7788D90093DD99 /* JSCache */,
				8478E7551A7788D90093DD99 /* JSCacheTests */,
				8478E72F1A7788D90093DD99 /* Frameworks */,
				8478E72E1A7788D90093DD99 /* Products */,
			);
			sourceTree = "<group>";
		};
		8478E72E1A7788D90093DD99 /* Products */ = {
			isa = PBXGroup;
			children = (
				8478E72D1A7788D90093DD99 /* JSCache.app */,
				8478E74E1A7788D90093DD99 /* JSCacheTests.xctest */,
			);
			name = Products;
			sourceTree = "<group>";
		};
		8478E72F1A7788D90093DD99 /* Frameworks */ = {
			isa = PBXGroup;
			children = (
				8478E7301A7788D90093DD99 /* Foundation.framework */,
				8478E7321A7788D90093DD99 /* CoreGraphics.framework */,
				8478E7341A7788D90093DD99 /* UIKit.framework */,
				8478E74F1A7788D90093DD99 /* XCTest.framework */,
			);
			name = Frameworks;
			sourceTree = "<group>";
		};
		8478E7361A7788D90093DD99 /* JSCache */ = {
			isa = PBXGroup;
			children = (
				8478E73F1A7788D90093DD99 /* AppDelegate.h */,
				8478E7401A7788D90093DD99 /* AppDelegate.m */,
				8478E7421A7788D90093DD99 /* Main.storyboard */,
				8478E7451A7788D90093DD99 /* ViewController.h */,
				8478E7461A7788D90093DD99 /* ViewController.m */,
				8478E7481A7788D90093DD99 /* Images.xcassets */,
				8478E7371A7788D90093DD99 /* Supporting Files */,
			);
			path = JSCache;
			sourceTree = "<group>";
		};
		8478E7371A7788D90093DD99 /* Supporting Files */ = {
			isa = PBXGroup;
			children = (
				8478E7381A7788D90093DD99 /* JSCache-Info.plist */,
				8478E7391A7788D90093DD99 /* InfoPlist.strings */,
				8478E73C1A7788D90093DD99 /* main.m */,
				8478E73E1A7788D90093DD99 /* JSCache-Prefix.pch */,
			);
			name = "Supporting Files";
			sourceTree = "<group>";
		};
		8478E7551A7788D90093DD99 /* JSCacheTests */ = {
			isa = PBXGroup;
			children = (
				8478E75B1A7788D90093DD99 /* JSCacheTests.m */,
				8478E7561A7788D90093DD99 /* Supporting Files */,
			);
			path = JSCacheTests;
			sourceTree = "<group>";
		};
		8478E7561A7788D90093DD99 /* Supporting Files */ = {
			isa = PBXGroup;
			children = (
				8478E7571A7788D90093DD99 /* JSCacheTests-Info.plist */,
				8478E7581A7788D90093DD99 /* InfoPlist.strings */,
			);
			name = "Supporting Files";
			sourceTree = "<group>";
		};
/* End PBXGroup section */

/* Begin PBXNativeTarget section */
		8478E72C1A7788D90093DD99 /* JSCache */ = {
			isa = PBXNativeTarget;
			buildConfigurationList = 8478E75F1A7788D90093DD99 /* Build configuration list for PBXNativeTarget "JSCache" */;
			buildPhases = (
				8478E7291A7788D90093DD99 /* Sources */,
				8478E72A1A7788D90093DD99 /* Frameworks */,
				8478E72B1A7788D90093DD99 /* Resources */,
			);
			buildRules = (
			);
			dependencies = (
			);
			name = JSCache;
			productName = JSCache;
			productReference = 8478E72D1A7788D90093DD99 /* JSCache.app */;
			productType = "com.apple.product-type.application";
		};
		8478E74D1A7788D90093DD99 /* JSCacheTests */ = {
			isa = PBXNativeTarget;
			buildConfigurationList = 8478E7621A7788D90093DD99 /* Build configuration list for PBXNativeTarget "JSCacheTests" */;
			buildPhases = (
				8478E74A1A7788D90093DD99 /* Sources */,
				8478E74B1A7788D90093DD99 /* Frameworks */,
				8478E74C1A7788D90093DD99 /* Resources */,
			);
			buildRules = (
			);
			dependencies = (
				8478E7541A7788D90093DD99 /* PBXTargetDependency */,
			);
			name = JSCacheTests;
			productName = JSCacheTests;
			productReference = 8478E74E1A7788D90093DD99 /* JSCacheTests.xctest */;
			productType = "com.apple.product-type.bundle.unit-test";
		};
/* End PBXNativeTarget section */

/* Begin PBXProject section */
		8478E7251A7788D90093DD99 /* Project object */ = {
			isa = PBXProject;
			attributes = {
				LastUpgradeCheck = 0510;
				ORGANIZATIONNAME = jacky.song;
				TargetAttributes = {
					8478E74D1A7788D90093DD99 = {
						TestTargetID = 8478E72C1A7788D90093DD99;
					};
				};
			};
			buildConfigurationList = 8478E7281A7788D90093DD99 /* Build configuration list for PBXProject "JSCache" */;
			compatibilityVersion = "Xcode 3.2";
			developmentRegion = English;
			hasScannedForEncodings = 0;
			knownRegions = (
				en,
				Base,
			);
			mainGroup = 8478E7241A7788D90093DD99;
			productRefGroup = 8478E72E1A7788D90093DD99 /* Products */;
			projectDirPath = "";
			projectRoot = "";
			targets = (
				8478E72C1A7788D90093DD99 /* JSCache */,
				8478E74D1A7788D90093DD99 /* JSCacheTests */,
			);
		};
/* End PBXProject section */

/* Begin PBXResourcesBuildPhase section */
		8478E72B1A7788D90093DD99 /* Resources */ = {
			isa = PBXResourcesBuildPhase;
			buildActionMask = 2147483647;
			files = (
				8478E7491A7788D90093DD99 /* Images.xcassets in Resources */,
				8478E73B1A7788D90093DD99 /* InfoPlist.strings in Resources */,
				8478E7441A7788D90093DD99 /* Main.storyboard in Resources */,
			);
			runOnlyForDeploymentPostprocessing = 0;
		};
		8478E74C1A7788D90093DD99 /* Resources */ = {
			isa = PBXResourcesBuildPhase;
			buildActionMask = 2147483647;
			files = (
				8478E75A1A7788D90093DD99 /* InfoPlist.strings in Resources */,
			);
			runOnlyForDeploymentPostprocessing = 0;
		};
/* End PBXResourcesBuildPhase section */

/* Begin PBXSourcesBuildPhase section */
		8478E7291A7788D90093DD99 /* Sources */ = {
			isa = PBXSourcesBuildPhase;
			buildActionMask = 2147483647;
			files = (
				8478E7471A7788D90093DD99 /* ViewController.m in Sources */,
				8478E7411A7788D90093DD99 /* AppDelegate.m in Sources */,
				8478E73D1A7788D90093DD99 /* main.m in Sources */,
			);
			runOnlyForDeploymentPostprocessing = 0;
		};
		8478E74A1A7788D90093DD99 /* Sources */ = {
			isa = PBXSourcesBuildPhase;
			buildActionMask = 2147483647;
			files = (
				8478E75C1A7788D90093DD99 /* JSCacheTests.m in Sources */,
			);
			runOnlyForDeploymentPostprocessing = 0;
		};
/* End PBXSourcesBuildPhase section */

/* Begin PBXTargetDependency section */
		8478E7541A7788D90093DD99 /* PBXTargetDependency */ = {
			isa = PBXTargetDependency;
			target = 8478E72C1A7788D90093DD99 /* JSCache */;
			targetProxy = 8478E7531A7788D90093DD99 /* PBXContainerItemProxy */;
		};
/* End PBXTargetDependency section */

/* Begin PBXVariantGroup section */
		8478E7391A7788D90093DD99 /* InfoPlist.strings */ = {
			isa = PBXVariantGroup;
			children = (
				8478E73A1A7788D90093DD99 /* en */,
			);
			name = InfoPlist.strings;
			sourceTree = "<group>";
		};
		8478E7421A7788D90093DD99 /* Main.storyboard */ = {
			isa = PBXVariantGroup;
			children = (
				8478E7431A7788D90093DD99 /* Base */,
			);
			name = Main.storyboard;
			sourceTree = "<group>";
		};
		8478E7581A7788D90093DD99 /* InfoPlist.strings */ = {
			isa = PBXVariantGroup;
			children = (
				8478E7591A7788D90093DD99 /* en */,
			);
			name = InfoPlist.strings;
			sourceTree = "<group>";
		};
/* End PBXVariantGroup section */

/* Begin XCBuildConfiguration section */
		8478E75D1A7788D90093DD99 /* Debug */ = {
			isa = XCBuildConfiguration;
			buildSettings = {
				ALWAYS_SEARCH_USER_PATHS = NO;
				CLANG_CXX_LANGUAGE_STANDARD = "gnu++0x";
				CLANG_CXX_LIBRARY = "libc++";
				CLANG_ENABLE_MODULES = YES;
				CLANG_ENABLE_OBJC_ARC = YES;
				CLANG_WARN_BOOL_CONVERSION = YES;
				CLANG_WARN_CONSTANT_CONVERSION = YES;
				CLANG_WARN_DIRECT_OBJC_ISA_USAGE = YES_ERROR;
				CLANG_WARN_EMPTY_BODY = YES;
				CLANG_WARN_ENUM_CONVERSION = YES;
				CLANG_WARN_INT_CONVERSION = YES;
				CLANG_WARN_OBJC_ROOT_CLASS = YES_ERROR;
				CLANG_WARN__DUPLICATE_METHOD_MATCH = YES;
				"CODE_SIGN_IDENTITY[sdk=iphoneos*]" = "iPhone Developer";
				COPY_PHASE_STRIP = NO;
				GCC_C_LANGUAGE_STANDARD = gnu99;
				GCC_DYNAMIC_NO_PIC = NO;
				GCC_OPTIMIZATION_LEVEL = 0;
				GCC_PREPROCESSOR_DEFINITIONS = (
					"DEBUG=1",
					"$(inherited)",
				);
				GCC_SYMBOLS_PRIVATE_EXTERN = NO;
				GCC_WARN_64_TO_32_BIT_CONVERSION = YES;
				GCC_WARN_ABOUT_RETURN_TYPE = YES_ERROR;
				GCC_WARN_UNDECLARED_SELECTOR = YES;
				GCC_WARN_UNINITIALIZED_AUTOS = YES_AGGRESSIVE;
				GCC_WARN_UNUSED_FUNCTION = YES;
				GCC_WARN_UNUSED_VARIABLE = YES;
				IPHONEOS_DEPLOYMENT_TARGET = 7.1;
				ONLY_ACTIVE_ARCH = YES;
				SDKROOT = iphoneos;
			};
			name = Debug;
		};
		8478E75E1A7788D90093DD99 /* Release */ = {
			isa = XCBuildConfiguration;
			buildSettings = {
				ALWAYS_SEARCH_USER_PATHS = NO;
				CLANG_CXX_LANGUAGE_STANDARD = "gnu++0x";
				CLANG_CXX_LIBRARY = "libc++";
				CLANG_ENABLE_MODULES = YES;
				CLANG_ENABLE_OBJC_ARC = YES;
				CLANG_WARN_BOOL_CONVERSION = YES;
				CLANG_WARN_CONSTANT_CONVERSION = YES;
				CLANG_WARN_DIRECT_OBJC_ISA_USAGE = YES_ERROR;
				CLANG_WARN_EMPTY_BODY = YES;
				CLANG_WARN_ENUM_CONVERSION = YES;
				CLANG_WARN_INT_CONVERSION = YES;
				CLANG_WARN_OBJC_ROOT_CLASS = YES_ERROR;
				CLANG_WARN__DUPLICATE_METHOD_MATCH = YES;
				"CODE_SIGN_IDENTITY[sdk=iphoneos*]" = "iPhone Developer";
				COPY_PHASE_STRIP = YES;
				ENABLE_NS_ASSERTIONS = NO;
				GCC_C_LANGUAGE_STANDARD = gnu99;
				GCC_WARN_64_TO_32_BIT_CONVERSION = YES;
				GCC_WARN_ABOUT_RETURN_TYPE = YES_ERROR;
				GCC_WARN_UNDECLARED_SELECTOR = YES;
				GCC_WARN_UNINITIALIZED_AUTOS = YES_AGGRESSIVE;
				GCC_WARN_UNUSED_FUNCTION = YES;
				GCC_WARN_UNUSED_VARIABLE = YES;
				IPHONEOS_DEPLOYMENT_TARGET = 7.1;
				SDKROOT = iphoneos;
				VALIDATE_PRODUCT = YES;
			};
			name = Release;
		};
		8478E7601A7788D90093DD99 /* Debug */ = {
			isa = XCBuildConfiguration;
			buildSettings = {
				ASSETCATALOG_COMPILER_APPICON_NAME = AppIcon;
				ASSETCATALOG_COMPILER_LAUNCHIMAGE_NAME = LaunchImage;
				GCC_PRECOMPILE_PREFIX_HEADER = YES;
				GCC_PREFIX_HEADER = "JSCache/JSCache-Prefix.pch";
				INFOPLIST_FILE = "JSCache/JSCache-Info.plist";
				PRODUCT_NAME = "$(TARGET_NAME)";
				WRAPPER_EXTENSION = app;
			};
			name = Debug;
		};
		8478E7611A7788D90093DD99 /* Release */ = {
			isa = XCBuildConfiguration;
			buildSettings = {
				ASSETCATALOG_COMPILER_APPICON_NAME = AppIcon;
				ASSETCATALOG_COMPILER_LAUNCHIMAGE_NAME = LaunchImage;
				GCC_PRECOMPILE_PREFIX_HEADER = YES;
				GCC_PREFIX_HEADER = "JSCache/JSCache-Prefix.pch";
				INFOPLIST_FILE = "JSCache/JSCache-Info.plist";
				PRODUCT_NAME = "$(TARGET_NAME)";
				WRAPPER_EXTENSION = app;
			};
			name = Release;
		};
		8478E7631A7788D90093DD99 /* Debug */ = {
			isa = XCBuildConfiguration;
			buildSettings = {
				BUNDLE_LOADER = "$(BUILT_PRODUCTS_DIR)/JSCache.app/JSCache";
				FRAMEWORK_SEARCH_PATHS = (
					"$(SDKROOT)/Developer/Library/Frameworks",
					"$(inherited)",
					"$(DEVELOPER_FRAMEWORKS_DIR)",
				);
				GCC_PRECOMPILE_PREFIX_HEADER = YES;
				GCC_PREFIX_HEADER = "JSCache/JSCache-Prefix.pch";
				GCC_PREPROCESSOR_DEFINITIONS = (
					"DEBUG=1",
					"$(inherited)",
				);
				INFOPLIST_FILE = "JSCacheTests/JSCacheTests-Info.plist";
				PRODUCT_NAME = "$(TARGET_NAME)";
				TEST_HOST = "$(BUNDLE_LOADER)";
				WRAPPER_EXTENSION = xctest;
			};
			name = Debug;
		};
		8478E7641A7788D90093DD99 /* Release */ = {
			isa = XCBuildConfiguration;
			buildSettings = {
				BUNDLE_LOADER = "$(BUILT_PRODUCTS_DIR)/JSCache.app/JSCache";
				FRAMEWORK_SEARCH_PATHS = (
					"$(SDKROOT)/Developer/Library/Frameworks",
					"$(inherited)",
					"$(DEVELOPER_FRAMEWORKS_DIR)",
				);
				GCC_PRECOMPILE_PREFIX_HEADER = YES;
				GCC_PREFIX_HEADER = "JSCache/JSCache-Prefix.pch";
				INFOPLIST_FILE = "JSCacheTests/JSCacheTests-Info.plist";
				PRODUCT_NAME = "$(TARGET_NAME)";
				TEST_HOST = "$(BUNDLE_LOADER)";
				WRAPPER_EXTENSION = xctest;
			};
			name = Release;
		};
/* End XCBuildConfiguration section */

/* Begin XCConfigurationList section */
		8478E7281A7788D90093DD99 /* Build configuration list for PBXProject "JSCache" */ = {
			isa = XCConfigurationList;
			buildConfigurations = (
				8478E75D1A7788D90093DD99 /* Debug */,
				8478E75E1A7788D90093DD99 /* Release */,
			);
			defaultConfigurationIsVisible = 0;
			defaultConfigurationName = Release;
		};
		8478E75F1A7788D90093DD99 /* Build configuration list for PBXNativeTarget "JSCache" */ = {
			isa = XCConfigurationList;
			buildConfigurations = (
				8478E7601A7788D90093DD99 /* Debug */,
				8478E7611A7788D90093DD99 /* Release */,
			);
			defaultConfigurationIsVisible = 0;
		};
		8478E7621A7788D90093DD99 /* Build configuration list for PBXNativeTarget "JSCacheTests" */ = {
			isa = XCConfigurationList;
			buildConfigurations = (
				8478E7631A7788D90093DD99 /* Debug */,
				8478E7641A7788D90093DD99 /* Release */,
			);
			defaultConfigurationIsVisible = 0;
		};
/* End XCConfigurationList section */
	};
	rootObject = 8478E7251A7788D90093DD99 /* Project object */;
}
